
Microsoft Visual Studio Solution File, Format Version 12.00
# Visual Studio Version 17
VisualStudioVersion = 17.10.35027.167
MinimumVisualStudioVersion = 10.0.40219.1
Project("{FAE04EC0-301F-11D3-BF4B-00C04F79EFBC}") = "HYItest", "HYItest\HYItest.csproj", "{139AED13-EC1E-415F-986C-366D2F3BFBE4}"
EndProject
Global
	GlobalSection(SolutionConfigurationPlatforms) = preSolution
		Debug|Any CPU = Debug|Any CPU
		Release|Any CPU = Release|Any CPU
	EndGlobalSection
	GlobalSection(ProjectConfigurationPlatforms) = postSolution
		{139AED13-EC1E-415F-986C-366D2F3BFBE4}.Debug|Any CPU.ActiveCfg = Debug|Any CPU
		{139AED13-EC1E-415F-986C-366D2F3BFBE4}.Debug|Any CPU.Build.0 = Debug|Any CPU
		{139AED13-EC1E-415F-986C-366D2F3BFBE4}.Release|Any CPU.ActiveCfg = Release|Any CPU
		{139AED13-EC1E-415F-986C-366D2F3BFBE4}.Release|Any CPU.Build.0 = Release|Any CPU
	EndGlobalSection
	GlobalSection(SolutionProperties) = preSolution
		HideSolutionNode = FALSE
	EndGlobalSection
	GlobalSection(ExtensibilityGlobals) = postSolution
		SolutionGuid = {3E2393A5-E130-425E-BF6B-AA99F6416EB7}
	EndGlobalSection
EndGlobal
